// !$*UTF8*$!
{
	archiveVersion = 1;
	classes = {
	};
	objectVersion = 56;
	objects = {

/* Begin PBXBuildFile section */
		A13C43832AFBA92400BF6430 /* FirstAssignmentViewController.swift in Sources */ = {isa = PBXBuildFile; fileRef = A13C43822AFBA92400BF6430 /* FirstAssignmentViewController.swift */; };
		A14C84072B07BB2F0046495B /* SnapKit in Frameworks */ = {isa = PBXBuildFile; productRef = A14C84062B07BB2F0046495B /* SnapKit */; };
		A14C84092B07BB2F0046495B /* SnapKit-Dynamic in Frameworks */ = {isa = PBXBuildFile; productRef = A14C84082B07BB2F0046495B /* SnapKit-Dynamic */; };
		A1695C3A2AFB6C2C005DBF3F /* AppDelegate.swift in Sources */ = {isa = PBXBuildFile; fileRef = A1695C392AFB6C2C005DBF3F /* AppDelegate.swift */; };
		A1695C3C2AFB6C2C005DBF3F /* SceneDelegate.swift in Sources */ = {isa = PBXBuildFile; fileRef = A1695C3B2AFB6C2C005DBF3F /* SceneDelegate.swift */; };
		A1695C3E2AFB6C2C005DBF3F /* FirstPracticeController.swift in Sources */ = {isa = PBXBuildFile; fileRef = A1695C3D2AFB6C2C005DBF3F /* FirstPracticeController.swift */; };
		A1695C462AFB6C2D005DBF3F /* LaunchScreen.storyboard in Resources */ = {isa = PBXBuildFile; fileRef = A1695C442AFB6C2D005DBF3F /* LaunchScreen.storyboard */; };
		A19D111B2B048933001C9B52 /* SecondPracticeController.swift in Sources */ = {isa = PBXBuildFile; fileRef = A19D111A2B048933001C9B52 /* SecondPracticeController.swift */; };
		A1CC28FB2AFBF46500257DCD /* Assets.xcassets in Resources */ = {isa = PBXBuildFile; fileRef = A1CC28FA2AFBF46500257DCD /* Assets.xcassets */; };
		A1E5B19F2B04AB0600B4F08C /* SecondFightingViewController.swift in Sources */ = {isa = PBXBuildFile; fileRef = A1E5B19E2B04AB0600B4F08C /* SecondFightingViewController.swift */; };
/* End PBXBuildFile section */

/* Begin PBXFileReference section */
		A13C43822AFBA92400BF6430 /* FirstAssignmentViewController.swift */ = {isa = PBXFileReference; lastKnownFileType = sourcecode.swift; path = FirstAssignmentViewController.swift; sourceTree = "<group>"; };
		A1695C362AFB6C2C005DBF3F /* sopt33-animation-study.app */ = {isa = PBXFileReference; explicitFileType = wrapper.application; includeInIndex = 0; path = "sopt33-animation-study.app"; sourceTree = BUILT_PRODUCTS_DIR; };
		A1695C392AFB6C2C005DBF3F /* AppDelegate.swift */ = {isa = PBXFileReference; lastKnownFileType = sourcecode.swift; path = AppDelegate.swift; sourceTree = "<group>"; };
		A1695C3B2AFB6C2C005DBF3F /* SceneDelegate.swift */ = {isa = PBXFileReference; lastKnownFileType = sourcecode.swift; path = SceneDelegate.swift; sourceTree = "<group>"; };
		A1695C3D2AFB6C2C005DBF3F /* FirstPracticeController.swift */ = {isa = PBXFileReference; lastKnownFileType = sourcecode.swift; path = FirstPracticeController.swift; sourceTree = "<group>"; };
		A1695C452AFB6C2D005DBF3F /* Base */ = {isa = PBXFileReference; lastKnownFileType = file.storyboard; name = Base; path = Base.lproj/LaunchScreen.storyboard; sourceTree = "<group>"; };
		A1695C472AFB6C2D005DBF3F /* Info.plist */ = {isa = PBXFileReference; lastKnownFileType = text.plist.xml; path = Info.plist; sourceTree = "<group>"; };
		A19D111A2B048933001C9B52 /* SecondPracticeController.swift */ = {isa = PBXFileReference; lastKnownFileType = sourcecode.swift; path = SecondPracticeController.swift; sourceTree = "<group>"; };
		A1CC28FA2AFBF46500257DCD /* Assets.xcassets */ = {isa = PBXFileReference; lastKnownFileType = folder.assetcatalog; path = Assets.xcassets; sourceTree = "<group>"; };
		A1E5B19E2B04AB0600B4F08C /* SecondFightingViewController.swift */ = {isa = PBXFileReference; lastKnownFileType = sourcecode.swift; path = SecondFightingViewController.swift; sourceTree = "<group>"; };
/* End PBXFileReference section */

/* Begin PBXFrameworksBuildPhase section */
		A1695C332AFB6C2C005DBF3F /* Frameworks */ = {
			isa = PBXFrameworksBuildPhase;
			buildActionMask = 2147483647;
			files = (
				A14C84072B07BB2F0046495B /* SnapKit in Frameworks */,
				A14C84092B07BB2F0046495B /* SnapKit-Dynamic in Frameworks */,
			);
			runOnlyForDeploymentPostprocessing = 0;
		};
/* End PBXFrameworksBuildPhase section */

/* Begin PBXGroup section */
		A1695C2D2AFB6C2C005DBF3F = {
			isa = PBXGroup;
			children = (
				A1695C382AFB6C2C005DBF3F /* sopt33-animation-study */,
				A1695C372AFB6C2C005DBF3F /* Products */,
			);
			sourceTree = "<group>";
		};
		A1695C372AFB6C2C005DBF3F /* Products */ = {
			isa = PBXGroup;
			children = (
				A1695C362AFB6C2C005DBF3F /* sopt33-animation-study.app */,
			);
			name = Products;
			sourceTree = "<group>";
		};
		A1695C382AFB6C2C005DBF3F /* sopt33-animation-study */ = {
			isa = PBXGroup;
			children = (
				A19D11192B048925001C9B52 /* Week2 */,
				A1695C4F2AFB6DD2005DBF3F /* App */,
				A1695C4E2AFB6DA2005DBF3F /* Week1 */,
				A1695C442AFB6C2D005DBF3F /* LaunchScreen.storyboard */,
				A1CC28FA2AFBF46500257DCD /* Assets.xcassets */,
				A1695C472AFB6C2D005DBF3F /* Info.plist */,
			);
			path = "sopt33-animation-study";
			sourceTree = "<group>";
		};
		A1695C4E2AFB6DA2005DBF3F /* Week1 */ = {
			isa = PBXGroup;
			children = (
				A1695C3D2AFB6C2C005DBF3F /* FirstPracticeController.swift */,
				A13C43822AFBA92400BF6430 /* FirstAssignmentViewController.swift */,
			);
			path = Week1;
			sourceTree = "<group>";
		};
		A1695C4F2AFB6DD2005DBF3F /* App */ = {
			isa = PBXGroup;
			children = (
				A1695C3B2AFB6C2C005DBF3F /* SceneDelegate.swift */,
				A1695C392AFB6C2C005DBF3F /* AppDelegate.swift */,
			);
			path = App;
			sourceTree = "<group>";
		};
		A19D11192B048925001C9B52 /* Week2 */ = {
			isa = PBXGroup;
			children = (
				A19D111A2B048933001C9B52 /* SecondPracticeController.swift */,
				A1E5B19E2B04AB0600B4F08C /* SecondFightingViewController.swift */,
			);
			path = Week2;
			sourceTree = "<group>";
		};
/* End PBXGroup section */

/* Begin PBXNativeTarget section */
		A1695C352AFB6C2C005DBF3F /* sopt33-animation-study */ = {
			isa = PBXNativeTarget;
			buildConfigurationList = A1695C4A2AFB6C2D005DBF3F /* Build configuration list for PBXNativeTarget "sopt33-animation-study" */;
			buildPhases = (
				A1695C322AFB6C2C005DBF3F /* Sources */,
				A1695C332AFB6C2C005DBF3F /* Frameworks */,
				A1695C342AFB6C2C005DBF3F /* Resources */,
			);
			buildRules = (
			);
			dependencies = (
			);
			name = "sopt33-animation-study";
			packageProductDependencies = (
				A14C84062B07BB2F0046495B /* SnapKit */,
				A14C84082B07BB2F0046495B /* SnapKit-Dynamic */,
			);
			productName = "sopt33-animation-study";
			productReference = A1695C362AFB6C2C005DBF3F /* sopt33-animation-study.app */;
			productType = "com.apple.product-type.application";
		};
/* End PBXNativeTarget section */

/* Begin PBXProject section */
		A1695C2E2AFB6C2C005DBF3F /* Project object */ = {
			isa = PBXProject;
			attributes = {
				BuildIndependentTargetsInParallel = 1;
				LastSwiftUpdateCheck = 1500;
				LastUpgradeCheck = 1500;
				TargetAttributes = {
					A1695C352AFB6C2C005DBF3F = {
						CreatedOnToolsVersion = 15.0.1;
					};
				};
			};
			buildConfigurationList = A1695C312AFB6C2C005DBF3F /* Build configuration list for PBXProject "sopt33-animation-study" */;
			compatibilityVersion = "Xcode 14.0";
			developmentRegion = en;
			hasScannedForEncodings = 0;
			knownRegions = (
				en,
				Base,
			);
			mainGroup = A1695C2D2AFB6C2C005DBF3F;
			packageReferences = (
				A14C84052B07BB2F0046495B /* XCRemoteSwiftPackageReference "SnapKit" */,
			);
			productRefGroup = A1695C372AFB6C2C005DBF3F /* Products */;
			projectDirPath = "";
			projectRoot = "";
			targets = (
				A1695C352AFB6C2C005DBF3F /* sopt33-animation-study */,
			);
		};
/* End PBXProject section */

/* Begin PBXResourcesBuildPhase section */
		A1695C342AFB6C2C005DBF3F /* Resources */ = {
			isa = PBXResourcesBuildPhase;
			buildActionMask = 2147483647;
			files = (
				A1CC28FB2AFBF46500257DCD /* Assets.xcassets in Resources */,
				A1695C462AFB6C2D005DBF3F /* LaunchScreen.storyboard in Resources */,
			);
			runOnlyForDeploymentPostprocessing = 0;
		};
/* End PBXResourcesBuildPhase section */

/* Begin PBXSourcesBuildPhase section */
		A1695C322AFB6C2C005DBF3F /* Sources */ = {
			isa = PBXSourcesBuildPhase;
			buildActionMask = 2147483647;
			files = (
				A1695C3E2AFB6C2C005DBF3F /* FirstPracticeController.swift in Sources */,
				A1695C3A2AFB6C2C005DBF3F /* AppDelegate.swift in Sources */,
				A1E5B19F2B04AB0600B4F08C /* SecondFightingViewController.swift in Sources */,
				A13C43832AFBA92400BF6430 /* FirstAssignmentViewController.swift in Sources */,
				A19D111B2B048933001C9B52 /* SecondPracticeController.swift in Sources */,
				A1695C3C2AFB6C2C005DBF3F /* SceneDelegate.swift in Sources */,
			);
			runOnlyForDeploymentPostprocessing = 0;
		};
/* End PBXSourcesBuildPhase section */

/* Begin PBXVariantGroup section */
		A1695C442AFB6C2D005DBF3F /* LaunchScreen.storyboard */ = {
			isa = PBXVariantGroup;
			children = (
				A1695C452AFB6C2D005DBF3F /* Base */,
			);
			name = LaunchScreen.storyboard;
			sourceTree = "<group>";
		};
/* End PBXVariantGroup section */

/* Begin XCBuildConfiguration section */
		A1695C482AFB6C2D005DBF3F /* Debug */ = {
			isa = XCBuildConfiguration;
			buildSettings = {
				ALWAYS_SEARCH_USER_PATHS = NO;
				ASSETCATALOG_COMPILER_GENERATE_SWIFT_ASSET_SYMBOL_EXTENSIONS = YES;
				CLANG_ANALYZER_NONNULL = YES;
				CLANG_ANALYZER_NUMBER_OBJECT_CONVERSION = YES_AGGRESSIVE;
				CLANG_CXX_LANGUAGE_STANDARD = "gnu++20";
				CLANG_ENABLE_MODULES = YES;
				CLANG_ENABLE_OBJC_ARC = YES;
				CLANG_ENABLE_OBJC_WEAK = YES;
				CLANG_WARN_BLOCK_CAPTURE_AUTORELEASING = YES;
				CLANG_WARN_BOOL_CONVERSION = YES;
				CLANG_WARN_COMMA = YES;
				CLANG_WARN_CONSTANT_CONVERSION = YES;
				CLANG_WARN_DEPRECATED_OBJC_IMPLEMENTATIONS = YES;
				CLANG_WARN_DIRECT_OBJC_ISA_USAGE = YES_ERROR;
				CLANG_WARN_DOCUMENTATION_COMMENTS = YES;
				CLANG_WARN_EMPTY_BODY = YES;
				CLANG_WARN_ENUM_CONVERSION = YES;
				CLANG_WARN_INFINITE_RECURSION = YES;
				CLANG_WARN_INT_CONVERSION = YES;
				CLANG_WARN_NON_LITERAL_NULL_CONVERSION = YES;
				CLANG_WARN_OBJC_IMPLICIT_RETAIN_SELF = YES;
				CLANG_WARN_OBJC_LITERAL_CONVERSION = YES;
				CLANG_WARN_OBJC_ROOT_CLASS = YES_ERROR;
				CLANG_WARN_QUOTED_INCLUDE_IN_FRAMEWORK_HEADER = YES;
				CLANG_WARN_RANGE_LOOP_ANALYSIS = YES;
				CLANG_WARN_STRICT_PROTOTYPES = YES;
				CLANG_WARN_SUSPICIOUS_MOVE = YES;
				CLANG_WARN_UNGUARDED_AVAILABILITY = YES_AGGRESSIVE;
				CLANG_WARN_UNREACHABLE_CODE = YES;
				CLANG_WARN__DUPLICATE_METHOD_MATCH = YES;
				COPY_PHASE_STRIP = NO;
				DEBUG_INFORMATION_FORMAT = dwarf;
				ENABLE_STRICT_OBJC_MSGSEND = YES;
				ENABLE_TESTABILITY = YES;
				ENABLE_USER_SCRIPT_SANDBOXING = YES;
				GCC_C_LANGUAGE_STANDARD = gnu17;
				GCC_DYNAMIC_NO_PIC = NO;
				GCC_NO_COMMON_BLOCKS = YES;
				GCC_OPTIMIZATION_LEVEL = 0;
				GCC_PREPROCESSOR_DEFINITIONS = (
					"DEBUG=1",
					"$(inherited)",
				);
				GCC_WARN_64_TO_32_BIT_CONVERSION = YES;
				GCC_WARN_ABOUT_RETURN_TYPE = YES_ERROR;
				GCC_WARN_UNDECLARED_SELECTOR = YES;
				GCC_WARN_UNINITIALIZED_AUTOS = YES_AGGRESSIVE;
				GCC_WARN_UNUSED_FUNCTION = YES;
				GCC_WARN_UNUSED_VARIABLE = YES;
				IPHONEOS_DEPLOYMENT_TARGET = 17.0;
				LOCALIZATION_PREFERS_STRING_CATALOGS = YES;
				MTL_ENABLE_DEBUG_INFO = INCLUDE_SOURCE;
				MTL_FAST_MATH = YES;
				ONLY_ACTIVE_ARCH = YES;
				SDKROOT = iphoneos;
				SWIFT_ACTIVE_COMPILATION_CONDITIONS = "DEBUG $(inherited)";
				SWIFT_OPTIMIZATION_LEVEL = "-Onone";
			};
			name = Debug;
		};
		A1695C492AFB6C2D005DBF3F /* Release */ = {
			isa = XCBuildConfiguration;
			buildSettings = {
				ALWAYS_SEARCH_USER_PATHS = NO;
				ASSETCATALOG_COMPILER_GENERATE_SWIFT_ASSET_SYMBOL_EXTENSIONS = YES;
				CLANG_ANALYZER_NONNULL = YES;
				CLANG_ANALYZER_NUMBER_OBJECT_CONVERSION = YES_AGGRESSIVE;
				CLANG_CXX_LANGUAGE_STANDARD = "gnu++20";
				CLANG_ENABLE_MODULES = YES;
				CLANG_ENABLE_OBJC_ARC = YES;
				CLANG_ENABLE_OBJC_WEAK = YES;
				CLANG_WARN_BLOCK_CAPTURE_AUTORELEASING = YES;
				CLANG_WARN_BOOL_CONVERSION = YES;
				CLANG_WARN_COMMA = YES;
				CLANG_WARN_CONSTANT_CONVERSION = YES;
				CLANG_WARN_DEPRECATED_OBJC_IMPLEMENTATIONS = YES;
				CLANG_WARN_DIRECT_OBJC_ISA_USAGE = YES_ERROR;
				CLANG_WARN_DOCUMENTATION_COMMENTS = YES;
				CLANG_WARN_EMPTY_BODY = YES;
				CLANG_WARN_ENUM_CONVERSION = YES;
				CLANG_WARN_INFINITE_RECURSION = YES;
				CLANG_WARN_INT_CONVERSION = YES;
				CLANG_WARN_NON_LITERAL_NULL_CONVERSION = YES;
				CLANG_WARN_OBJC_IMPLICIT_RETAIN_SELF = YES;
				CLANG_WARN_OBJC_LITERAL_CONVERSION = YES;
				CLANG_WARN_OBJC_ROOT_CLASS = YES_ERROR;
				CLANG_WARN_QUOTED_INCLUDE_IN_FRAMEWORK_HEADER = YES;
				CLANG_WARN_RANGE_LOOP_ANALYSIS = YES;
				CLANG_WARN_STRICT_PROTOTYPES = YES;
				CLANG_WARN_SUSPICIOUS_MOVE = YES;
				CLANG_WARN_UNGUARDED_AVAILABILITY = YES_AGGRESSIVE;
				CLANG_WARN_UNREACHABLE_CODE = YES;
				CLANG_WARN__DUPLICATE_METHOD_MATCH = YES;
				COPY_PHASE_STRIP = NO;
				DEBUG_INFORMATION_FORMAT = "dwarf-with-dsym";
				ENABLE_NS_ASSERTIONS = NO;
				ENABLE_STRICT_OBJC_MSGSEND = YES;
				ENABLE_USER_SCRIPT_SANDBOXING = YES;
				GCC_C_LANGUAGE_STANDARD = gnu17;
				GCC_NO_COMMON_BLOCKS = YES;
				GCC_WARN_64_TO_32_BIT_CONVERSION = YES;
				GCC_WARN_ABOUT_RETURN_TYPE = YES_ERROR;
				GCC_WARN_UNDECLARED_SELECTOR = YES;
				GCC_WARN_UNINITIALIZED_AUTOS = YES_AGGRESSIVE;
				GCC_WARN_UNUSED_FUNCTION = YES;
				GCC_WARN_UNUSED_VARIABLE = YES;
				IPHONEOS_DEPLOYMENT_TARGET = 17.0;
				LOCALIZATION_PREFERS_STRING_CATALOGS = YES;
				MTL_ENABLE_DEBUG_INFO = NO;
				MTL_FAST_MATH = YES;
				SDKROOT = iphoneos;
				SWIFT_COMPILATION_MODE = wholemodule;
				VALIDATE_PRODUCT = YES;
			};
			name = Release;
		};
		A1695C4B2AFB6C2D005DBF3F /* Debug */ = {
			isa = XCBuildConfiguration;
			buildSettings = {
				ASSETCATALOG_COMPILER_APPICON_NAME = AppIcon;
				ASSETCATALOG_COMPILER_GLOBAL_ACCENT_COLOR_NAME = AccentColor;
				CODE_SIGN_STYLE = Automatic;
				CURRENT_PROJECT_VERSION = 1;
				GENERATE_INFOPLIST_FILE = YES;
				INFOPLIST_FILE = "sopt33-animation-study/Info.plist";
				INFOPLIST_KEY_UIApplicationSupportsIndirectInputEvents = YES;
				INFOPLIST_KEY_UILaunchStoryboardName = LaunchScreen;
				INFOPLIST_KEY_UISupportedInterfaceOrientations_iPad = "UIInterfaceOrientationPortrait UIInterfaceOrientationPortraitUpsideDown UIInterfaceOrientationLandscapeLeft UIInterfaceOrientationLandscapeRight";
				INFOPLIST_KEY_UISupportedInterfaceOrientations_iPhone = "UIInterfaceOrientationPortrait UIInterfaceOrientationLandscapeLeft UIInterfaceOrientationLandscapeRight";
				LD_RUNPATH_SEARCH_PATHS = (
					"$(inherited)",
					"@executable_path/Frameworks",
				);
				MARKETING_VERSION = 1.0;
				PRODUCT_BUNDLE_IDENTIFIER = "com.chetseoo.sopt33-animation-study";
				PRODUCT_NAME = "$(TARGET_NAME)";
				SWIFT_EMIT_LOC_STRINGS = YES;
				SWIFT_VERSION = 5.0;
				TARGETED_DEVICE_FAMILY = "1,2";
			};
			name = Debug;
		};
		A1695C4C2AFB6C2D005DBF3F /* Release */ = {
			isa = XCBuildConfiguration;
			buildSettings = {
				ASSETCATALOG_COMPILER_APPICON_NAME = AppIcon;
				ASSETCATALOG_COMPILER_GLOBAL_ACCENT_COLOR_NAME = AccentColor;
				CODE_SIGN_STYLE = Automatic;
				CURRENT_PROJECT_VERSION = 1;
				GENERATE_INFOPLIST_FILE = YES;
				INFOPLIST_FILE = "sopt33-animation-study/Info.plist";
				INFOPLIST_KEY_UIApplicationSupportsIndirectInputEvents = YES;
				INFOPLIST_KEY_UILaunchStoryboardName = LaunchScreen;
				INFOPLIST_KEY_UISupportedInterfaceOrientations_iPad = "UIInterfaceOrientationPortrait UIInterfaceOrientationPortraitUpsideDown UIInterfaceOrientationLandscapeLeft UIInterfaceOrientationLandscapeRight";
				INFOPLIST_KEY_UISupportedInterfaceOrientations_iPhone = "UIInterfaceOrientationPortrait UIInterfaceOrientationLandscapeLeft UIInterfaceOrientationLandscapeRight";
				LD_RUNPATH_SEARCH_PATHS = (
					"$(inherited)",
					"@executable_path/Frameworks",
				);
				MARKETING_VERSION = 1.0;
				PRODUCT_BUNDLE_IDENTIFIER = "com.chetseoo.sopt33-animation-study";
				PRODUCT_NAME = "$(TARGET_NAME)";
				SWIFT_EMIT_LOC_STRINGS = YES;
				SWIFT_VERSION = 5.0;
				TARGETED_DEVICE_FAMILY = "1,2";
			};
			name = Release;
		};
/* End XCBuildConfiguration section */

/* Begin XCConfigurationList section */
		A1695C312AFB6C2C005DBF3F /* Build configuration list for PBXProject "sopt33-animation-study" */ = {
			isa = XCConfigurationList;
			buildConfigurations = (
				A1695C482AFB6C2D005DBF3F /* Debug */,
				A1695C492AFB6C2D005DBF3F /* Release */,
			);
			defaultConfigurationIsVisible = 0;
			defaultConfigurationName = Release;
		};
		A1695C4A2AFB6C2D005DBF3F /* Build configuration list for PBXNativeTarget "sopt33-animation-study" */ = {
			isa = XCConfigurationList;
			buildConfigurations = (
				A1695C4B2AFB6C2D005DBF3F /* Debug */,
				A1695C4C2AFB6C2D005DBF3F /* Release */,
			);
			defaultConfigurationIsVisible = 0;
			defaultConfigurationName = Release;
		};
/* End XCConfigurationList section */

/* Begin XCRemoteSwiftPackageReference section */
		A14C84052B07BB2F0046495B /* XCRemoteSwiftPackageReference "SnapKit" */ = {
			isa = XCRemoteSwiftPackageReference;
			repositoryURL = "https://github.com/SnapKit/SnapKit.git";
			requirement = {
				kind = upToNextMajorVersion;
				minimumVersion = 5.6.0;
			};
		};
/* End XCRemoteSwiftPackageReference section */

/* Begin XCSwiftPackageProductDependency section */
		A14C84062B07BB2F0046495B /* SnapKit */ = {
			isa = XCSwiftPackageProductDependency;
			package = A14C84052B07BB2F0046495B /* XCRemoteSwiftPackageReference "SnapKit" */;
			productName = SnapKit;
		};
		A14C84082B07BB2F0046495B /* SnapKit-Dynamic */ = {
			isa = XCSwiftPackageProductDependency;
			package = A14C84052B07BB2F0046495B /* XCRemoteSwiftPackageReference "SnapKit" */;
			productName = "SnapKit-Dynamic";
		};
/* End XCSwiftPackageProductDependency section */
	};
	rootObject = A1695C2E2AFB6C2C005DBF3F /* Project object */;
}
